
Microsoft Visual Studio Solution File, Format Version 12.00
# Visual Studio Version 17
VisualStudioVersion = 17.13.35806.99
MinimumVisualStudioVersion = 10.0.40219.1
Project("{FAE04EC0-301F-11D3-BF4B-00C04F79EFBC}") = "CubeBuilder", "CubeBuilder\CubeBuilder.csproj", "{CEEF0FD3-9519-46BA-8DA0-8EB9D575C7E7}"
EndProject
Global
	GlobalSection(SolutionConfigurationPlatforms) = preSolution
		Debug|Any CPU = Debug|Any CPU
		Release|Any CPU = Release|Any CPU
	EndGlobalSection
	GlobalSection(ProjectConfigurationPlatforms) = postSolution
		{CEEF0FD3-9519-46BA-8DA0-8EB9D575C7E7}.Debug|Any CPU.ActiveCfg = Debug|Any CPU
		{CEEF0FD3-9519-46BA-8DA0-8EB9D575C7E7}.Debug|Any CPU.Build.0 = Debug|Any CPU
		{CEEF0FD3-9519-46BA-8DA0-8EB9D575C7E7}.Release|Any CPU.ActiveCfg = Release|Any CPU
		{CEEF0FD3-9519-46BA-8DA0-8EB9D575C7E7}.Release|Any CPU.Build.0 = Release|Any CPU
	EndGlobalSection
	GlobalSection(SolutionProperties) = preSolution
		HideSolutionNode = FALSE
	EndGlobalSection
	GlobalSection(ExtensibilityGlobals) = postSolution
		SolutionGuid = {A6C987BB-6D29-4B03-8507-A599CA04EA72}
	EndGlobalSection
EndGlobal
